Microsoft Visual Studio Solution File, Format Version 12.00
# Visual Studio Version 18
VisualStudioVersion = 18.9.12112.369
MinimumVisualStudioVersion = 10.0.40219.1
Project("{FAE04EC0-301F-11D3-BF4B-00C04F79EFBC}") = "RecordSynthesisPatcher", "RecordSynthesisPatcher\RecordSynthesisPatcher.csproj", "{2870F398-017D-4B14-AA55-E779BE81027C}"
EndProject
Global
	GlobalSection(SolutionConfigurationPlatforms) = preSolution
		Debug|Any CPU = Debug|Any CPU
		Release|Any CPU = Release|Any CPU
	EndGlobalSection
	GlobalSection(ProjectConfigurationPlatforms) = postSolution
		{2870F398-017D-4B14-AA55-E779BE81027C}.Debug|Any CPU.ActiveCfg = Debug|Any CPU
		{2870F398-017D-4B14-AA55-E779BE81027C}.Debug|Any CPU.Build.0 = Debug|Any CPU
		{2870F398-017D-4B14-AA55-E779BE81027C}.Release|Any CPU.ActiveCfg = Release|Any CPU
		{2870F398-017D-4B14-AA55-E779BE81027C}.Release|Any CPU.Build.0 = Release|Any CPU
	EndGlobalSection
	GlobalSection(SolutionProperties) = preSolution
		HideSolutionNode = FALSE
	EndGlobalSection
	GlobalSection(ExtensibilityGlobals) = postSolution
		SolutionGuid = {AE7AFE8A-8618-43CA-AE18-7D35C2A5AD66}
	EndGlobalSection
EndGlobal
